version = 1
revision = 2
requires-python = ">=3.11"

[[package]]
name = "bson"
version = "0.5.10"
source = { registry = "https://pypi.org/simple" }
dependencies = [
    { name = "python-dateutil" },
    { name = "six" },
]
sdist = { url = "https://files.pythonhosted.org/packages/4d/53/7c534a38850f2252275d7f949aed2219095e90df1e2d180a9c8ed139e499/bson-0.5.10.tar.gz", hash = "sha256:d6511b2ab051139a9123c184de1a04227262173ad593429d21e443d6462d6590", size = 10363, upload_time = "2020-05-26T11:13:47.979Z" }

[[package]]
name = "dnspython"
version = "2.7.0"
source = { registry = "https://pypi.org/simple" }
sdist = { url = "https://files.pythonhosted.org/packages/b5/4a/263763cb2ba3816dd94b08ad3a33d5fdae34ecb856678773cc40a3605829/dnspython-2.7.0.tar.gz", hash = "sha256:ce9c432eda0dc91cf618a5cedf1a4e142651196bbcd2c80e89ed5a907e5cfaf1", size = 345197, upload_time = "2024-10-05T20:14:59.362Z" }
wheels = [
    { url = "https://files.pythonhosted.org/packages/68/1b/e0a87d256e40e8c888847551b20a017a6b98139178505dc7ffb96f04e954/dnspython-2.7.0-py3-none-any.whl", hash = "sha256:b4c34b7d10b51bcc3a5071e7b8dee77939f1e878477eeecc965e9835f63c6c86", size = 313632, upload_time = "2024-10-05T20:14:57.687Z" },
]

[[package]]
name = "passlib"
version = "1.7.4"
source = { registry = "https://pypi.org/simple" }
sdist = { url = "https://files.pythonhosted.org/packages/b6/06/9da9ee59a67fae7761aab3ccc84fa4f3f33f125b370f1ccdb915bf967c11/passlib-1.7.4.tar.gz", hash = "sha256:defd50f72b65c5402ab2c573830a6978e5f202ad0d984793c8dde2c4152ebe04", size = 689844, upload_time = "2020-10-08T19:00:52.121Z" }
wheels = [
    { url = "https://files.pythonhosted.org/packages/3b/a4/ab6b7589382ca3df236e03faa71deac88cae040af60c071a78d254a62172/passlib-1.7.4-py2.py3-none-any.whl", hash = "sha256:aa6bca462b8d8bda89c70b382f0c298a20b5560af6cbfa2dce410c0a2fb669f1", size = 525554, upload_time = "2020-10-08T19:00:49.856Z" },
]

[[package]]
name = "playground"
version = "0.1.0"
source = { virtual = "." }
dependencies = [
    { name = "bson" },
    { name = "passlib" },
    { name = "pymongo" },
]

[package.metadata]
requires-dist = [
    { name = "bson", specifier = ">=0.5.10" },
    { name = "passlib", specifier = ">=1.7.4" },
    { name = "pymongo", specifier = ">=4.13.1" },
]

[[package]]
name = "pymongo"
version = "4.13.1"
source = { registry = "https://pypi.org/simple" }
dependencies = [
    { name = "dnspython" },
]
sdist = { url = "https://files.pythonhosted.org/packages/ad/be/9263901e3bf5460f8a06e823825d8bc369e19dd6c131b4c08ab3ac37946d/pymongo-4.13.1.tar.gz", hash = "sha256:08dd70224978831ce7dc76016205d9b56c86aa337077f65a54b672240e7e9d6d", size = 2166945, upload_time = "2025-06-11T19:24:24.268Z" }
wheels = [
    { url = "https://files.pythonhosted.org/packages/e0/5a/e99cdf7b8c524f0cecbb08a1abeef3ea0aa26eb2d9d3ef12ef71f446e901/pymongo-4.13.1-cp311-cp311-macosx_10_9_x86_64.whl", hash = "sha256:6249560e51a6e881cca6258d2de1241d30f50d45d8c7fc45205e1776306f44d0", size = 857036, upload_time = "2025-06-11T19:23:08.474Z" },
    { url = "https://files.pythonhosted.org/packages/4f/dd/90667744976e4dff66ac65f1b9e5db146c0a052a186728ce820f68b1af4c/pymongo-4.13.1-cp311-cp311-macosx_11_0_arm64.whl", hash = "sha256:a2e557dedf2ca26a6ad6a6d41003177de113606256754f70f75d3e6902ae26e9", size = 857334, upload_time = "2025-06-11T19:23:09.781Z" },
    { url = "https://files.pythonhosted.org/packages/83/62/bb141cca517b7636d257d3e45a3aa7aa09431d55dc0e2436207675b3f930/pymongo-4.13.1-cp311-cp311-manylinux_2_17_aarch64.manylinux2014_aarch64.whl", hash = "sha256:759c879af24af5a4256e3675180b2d392bb7f009ccf1693fc12af66d38aadea7", size = 1426404, upload_time = "2025-06-11T19:23:11.154Z" },
    { url = "https://files.pythonhosted.org/packages/9c/bd/18ae00db8c35de335de65660e23e704683a552137fc6d9d2e83082692c01/pymongo-4.13.1-cp311-cp311-manylinux_2_17_ppc64le.manylinux2014_ppc64le.whl", hash = "sha256:59ad9f47a95bd330e423fa506714494d84f1af6b4095f3a30f7d69f0ed741d93", size = 1477365, upload_time = "2025-06-11T19:23:12.653Z" },
    { url = "https://files.pythonhosted.org/packages/a1/9e/92801672fa3043ba18b27fee1f5c49c5006adc86814d4caf6664beb926dc/pymongo-4.13.1-cp311-cp311-manylinux_2_17_s390x.manylinux2014_s390x.whl", hash = "sha256:494ce1f93d507e8e170886dbefbef32662ac0cfe5b1734a65b6e523103b7ef3c", size = 1451809, upload_time = "2025-06-11T19:23:13.965Z" },
    { url = "https://files.pythonhosted.org/packages/88/55/a0af5ddfb66f0ecd0ab070502c3b96ca1ea3aef92a1d72be114dd3eebd61/pymongo-4.13.1-cp311-cp311-manylinux_2_17_x86_64.manylinux2014_x86_64.whl", hash = "sha256:7b0d614275cef7457fb0c9ae5831b35361bbb826f09ceb7d289f78c69f8bad45", size = 1430933, upload_time = "2025-06-11T19:23:17.085Z" },
    { url = "https://files.pythonhosted.org/packages/fc/83/21178fe7cbb6ffbf8edd72e825dc075e95aea563a27ae5f75f70bc3544dd/pymongo-4.13.1-cp311-cp311-manylinux_2_5_i686.manylinux1_i686.manylinux_2_17_i686.manylinux2014_i686.whl", hash = "sha256:443de2fd340f0b899a59d5b4fd4c773f016e8cbed8075975783bced3583fa0a8", size = 1399585, upload_time = "2025-06-11T19:23:19.049Z" },
    { url = "https://files.pythonhosted.org/packages/ca/2a/d5007e5dfdec5441c930c928c0544098ac159ed0076f6a99757656337a1d/pymongo-4.13.1-cp311-cp311-win32.whl", hash = "sha256:493c162b783614c69efdfc41ebe9521df6cc5da6be3d25c92535db111e804952", size = 836143, upload_time = "2025-06-11T19:23:20.427Z" },
    { url = "https://files.pythonhosted.org/packages/0f/bc/10c37970b109a80384fdc43b7532673779e588f6721db10d1eddc398cd61/pymongo-4.13.1-cp311-cp311-win_amd64.whl", hash = "sha256:643b79645944899b2addb4ce03d9a6718dd1f4a0e1fa71fecdc49e6dea072b62", size = 851330, upload_time = "2025-06-11T19:23:21.869Z" },
    { url = "https://files.pythonhosted.org/packages/94/3a/f30488427868a13fc67b294f09be7fe4e80515e412f79ca73bc410b52929/pymongo-4.13.1-cp312-cp312-macosx_10_13_x86_64.whl", hash = "sha256:47cc337065de00c087260aa8e8b91e1a3688b69cd1b181a478c1e84cf248d41d", size = 911901, upload_time = "2025-06-11T19:23:23.513Z" },
    { url = "https://files.pythonhosted.org/packages/62/2f/b418b629e3ec386ec42dbbbd0915e216d5307d148516dbe24e67268eb5a5/pymongo-4.13.1-cp312-cp312-macosx_11_0_arm64.whl", hash = "sha256:77f5c0d57f381c76f143b951ac8e879d5ea57f7e51a3ecdd906a0d2cd3eb25e1", size = 911594, upload_time = "2025-06-11T19:23:25.02Z" },
    { url = "https://files.pythonhosted.org/packages/f7/a1/e1ce85e638f8b3b4a75e0a75883df5499d7943128a1b3241d52ef379a566/pymongo-4.13.1-cp312-cp312-manylinux_2_17_aarch64.manylinux2014_aarch64.whl", hash = "sha256:6cec4206aac402f5097ee5d3f620c0e596f541f4872e91b3c936174d5dcc2d01", size = 1690243, upload_time = "2025-06-11T19:23:26.471Z" },
    { url = "https://files.pythonhosted.org/packages/3e/84/f190716467ed7fbeba63a1e86845e4a4d8149919d1d6832a1a58085de3f0/pymongo-4.13.1-cp312-cp312-manylinux_2_17_ppc64le.manylinux2014_ppc64le.whl", hash = "sha256:3078a59ce15625a91963afc5086c69995877df10ea261bb82d099a1bbbe80efe", size = 1754479, upload_time = "2025-06-11T19:23:28.067Z" },
    { url = "https://files.pythonhosted.org/packages/65/73/6c74d28dfe3b2487022406820d70210dc23e317e3647294888d9b4651a1b/pymongo-4.13.1-cp312-cp312-manylinux_2_17_s390x.manylinux2014_s390x.whl", hash = "sha256:0d46d18854fed2196ea85fff3ee985c89658dd8c090292e6b174aa1387fe5dc4", size = 1723523, upload_time = "2025-06-11T19:23:29.528Z" },
    { url = "https://files.pythonhosted.org/packages/5f/9e/2c74848969551e9f13f3c84ef6930ebdf4ff761beeab49e66f612a69a4b6/pymongo-4.13.1-cp312-cp312-manylinux_2_17_x86_64.manylinux2014_x86_64.whl", hash = "sha256:8e994e4e99980a87b73be43b27820d20ff823eb966abd01f2242b71c0723d685", size = 1693499, upload_time = "2025-06-11T19:23:31.616Z" },
    { url = "https://files.pythonhosted.org/packages/c8/d9/1354cac15f78ea06b57fc5a911fe0be1392fcdcae8bdc9cc4631c9b8f379/pymongo-4.13.1-cp312-cp312-manylinux_2_5_i686.manylinux1_i686.manylinux_2_17_i686.manylinux2014_i686.whl", hash = "sha256:f2d58b020d8c71eb9456cb435f355ff0b578259c0cf5a79ca3efab386ebb71de", size = 1652631, upload_time = "2025-06-11T19:23:33.53Z" },
    { url = "https://files.pythonhosted.org/packages/6f/66/70dfcec232c2441ac4d0026fe4429bdfac8f0a646da5c9dd5686c8a63f67/pymongo-4.13.1-cp312-cp312-win32.whl", hash = "sha256:0a9db585de9622ea0834833c4d48b873f83d10ec31c7370fb92c87d5f4e1b805", size = 883117, upload_time = "2025-06-11T19:23:34.945Z" },
    { url = "https://files.pythonhosted.org/packages/1c/92/f53f5b32f2ec8c7aae10036d15aadbf85fdc4de0dd0020896e7f5cb17654/pymongo-4.13.1-cp312-cp312-win_amd64.whl", hash = "sha256:6823c2783c5da1bb0dc9759387db4f8ac266563f42fdb6709d6b15ca5a7e06b7", size = 903181, upload_time = "2025-06-11T19:23:36.422Z" },
    { url = "https://files.pythonhosted.org/packages/fa/89/e92a5141845329e79e79ac1e32ffdf8fa1b4d609b8ab6f62dd651a63976b/pymongo-4.13.1-cp313-cp313-macosx_10_13_x86_64.whl", hash = "sha256:4fad51a0d951523e5f43d8271d074b700a64f46b347da176646816b9e1540a44", size = 966132, upload_time = "2025-06-11T19:23:37.936Z" },
    { url = "https://files.pythonhosted.org/packages/19/3b/e11290ae9537717b638ea2b6e2219b2e9bedf42d00eec379ec5f05690cca/pymongo-4.13.1-cp313-cp313-macosx_11_0_arm64.whl", hash = "sha256:5a8ca3e3383b2f33fe765e114af37211c3ba2a4654745756a94aa322b1c52523", size = 965828, upload_time = "2025-06-11T19:23:39.75Z" },
    { url = "https://files.pythonhosted.org/packages/70/8d/dbee3aeb915537b256243fd47ea36b1bf529123110490b754857fed9a423/pymongo-4.13.1-cp313-cp313-manylinux_2_17_aarch64.manylinux2014_aarch64.whl", hash = "sha256:2c49a8274e79093697f274946e9e78079edf504158790401b538ba417c1cae5d", size = 1953957, upload_time = "2025-06-11T19:23:41.181Z" },
    { url = "https://files.pythonhosted.org/packages/6c/2b/66ce80df90c7e90d4f3b36f4ae799681645609dbd21d282ced202bcf3dfb/pymongo-4.13.1-cp313-cp313-manylinux_2_17_ppc64le.manylinux2014_ppc64le.whl", hash = "sha256:fc7ff2857fb3e9d865230f4226e57045daa9b09bdb21e4c6809f438e85f86fff", size = 2031311, upload_time = "2025-06-11T19:23:42.653Z" },
    { url = "https://files.pythonhosted.org/packages/69/a7/0b60a0a300aac26da7b326f9b60e40b08a6d6c5fb3778f7149fa5ec88341/pymongo-4.13.1-cp313-cp313-manylinux_2_17_s390x.manylinux2014_s390x.whl", hash = "sha256:a56960e5e7c2972332879ca5b6bd6bb39df0e344cba3d3cf4513fa2dfce54a1f", size = 1995225, upload_time = "2025-06-11T19:23:44.581Z" },
    { url = "https://files.pythonhosted.org/packages/7b/3f/7b61040b419c1e21279f6b5b18f0f602d38949c66ee68b479cec95912d01/pymongo-4.13.1-cp313-cp313-manylinux_2_17_x86_64.manylinux2014_x86_64.whl", hash = "sha256:df0233ebfab9fe6f9cd41f5931261f53deee0e0b2e0b0fc5a515dc54cf39d789", size = 1955953, upload_time = "2025-06-11T19:23:46.025Z" },
    { url = "https://files.pythonhosted.org/packages/7d/98/b36f395c8c79b17a6dc35f86aaff0e302915b9753b26b3c335bf42122d22/pymongo-4.13.1-cp313-cp313-manylinux_2_5_i686.manylinux1_i686.manylinux_2_17_i686.manylinux2014_i686.whl", hash = "sha256:6fb3d549a735c77470187d84d2087495be96cf86ce1dfc91ba3f69bf2abeded2", size = 1905528, upload_time = "2025-06-11T19:23:47.553Z" },
    { url = "https://files.pythonhosted.org/packages/91/c8/540542c9a2aedee36e8c89008264903bdb8bd03d71c24ec097e03d62ff70/pymongo-4.13.1-cp313-cp313-win32.whl", hash = "sha256:5f69576ccb93c1859075493a7890f9a3b3a89fd46427745ce08bc82100d3f60d", size = 930070, upload_time = "2025-06-11T19:23:49.15Z" },
    { url = "https://files.pythonhosted.org/packages/fd/34/cc4d109c7c64e7e740e91bbaa37b10de579f0569578c2bd83752cfc35439/pymongo-4.13.1-cp313-cp313-win_amd64.whl", hash = "sha256:43f618d956b8f97e2483452d0a49d652bb07088c34cbf00917de6d61d31df4f4", size = 954988, upload_time = "2025-06-11T19:23:50.696Z" },
    { url = "https://files.pythonhosted.org/packages/b5/10/08ac758c60aba248380d721fa98496d305bfd20b97eec59aab6bf91602b1/pymongo-4.13.1-cp313-cp313t-macosx_10_13_x86_64.whl", hash = "sha256:bdbfb7828f06f3f1a928abd3e4c67487167e2c85a5598194157edfc732f3a571", size = 1022631, upload_time = "2025-06-11T19:23:52.206Z" },
    { url = "https://files.pythonhosted.org/packages/63/06/e7d7b8bf60d72525e27198a11fee0db363a6ea0feeb3de6b6e58b8558154/pymongo-4.13.1-cp313-cp313t-macosx_11_0_arm64.whl", hash = "sha256:fab03d9a4107d46864a9797dfedb0645b2dd97dfb2b1ba582e471c0c4e692ebe", size = 1022630, upload_time = "2025-06-11T19:23:53.919Z" },
    { url = "https://files.pythonhosted.org/packages/fc/fb/c39148e25451ec644350196d2921136a7aba573c1f3b4f1a0292dbe85c1d/pymongo-4.13.1-cp313-cp313t-manylinux_2_17_aarch64.manylinux2014_aarch64.whl", hash = "sha256:9318befdd8b78c2c4743ab42a86c6b6783209716aa1c5260b3517c6eea8b934c", size = 2282316, upload_time = "2025-06-11T19:23:55.452Z" },
    { url = "https://files.pythonhosted.org/packages/e9/a4/46adc63f7049db2b5e7ab99b21e537a15ba02c0a65fc2923c1c72a7e02a6/pymongo-4.13.1-cp313-cp313t-manylinux_2_17_ppc64le.manylinux2014_ppc64le.whl", hash = "sha256:4e314f863a338c1c716788d3b3a7be566cca8b4351aa637aefa9c2609d1c643e", size = 2369356, upload_time = "2025-06-11T19:23:56.968Z" },
    { url = "https://files.pythonhosted.org/packages/a4/80/c4d9b250de11b7cdcf1b4cdbe267a1fad473b79c0ba5d957bb18529ba00a/pymongo-4.13.1-cp313-cp313t-manylinux_2_17_s390x.manylinux2014_s390x.whl", hash = "sha256:ad6256e8157505052e3b7733e4b0c6038244ff082715f3a2ad8289ccf7ba16ac", size = 2328744, upload_time = "2025-06-11T19:23:58.504Z" },
    { url = "https://files.pythonhosted.org/packages/87/c9/68641ccf0c8e1cfffd184e8cffbf2a18ec20d70a5bfc8360fe1c512771b7/pymongo-4.13.1-cp313-cp313t-manylinux_2_17_x86_64.manylinux2014_x86_64.whl", hash = "sha256:047fde40672831d546fde0f57b494556db1467283864e0faf10a109a87b5153d", size = 2279940, upload_time = "2025-06-11T19:24:00.205Z" },
    { url = "https://files.pythonhosted.org/packages/08/9c/c657fcebd2fa99c4dfe49ea8fc88b70a2ff6e3981e30df08580ec832f0d6/pymongo-4.13.1-cp313-cp313t-manylinux_2_5_i686.manylinux1_i686.manylinux_2_17_i686.manylinux2014_i686.whl", hash = "sha256:a01b02180c6cfb6103cb8a27f2bbd7e017c7e2b3c5e34894c614aa8e63ee17df", size = 2219266, upload_time = "2025-06-11T19:24:01.718Z" },
    { url = "https://files.pythonhosted.org/packages/ff/26/79089773fc7a2123f9c42d3e5d26381c67922f7ba2bf7753b2d05763df83/pymongo-4.13.1-cp313-cp313t-win32.whl", hash = "sha256:113fc90ea0c7fd6dc288844c325cab76fce06dfccecf45eac55c384a167abad4", size = 979348, upload_time = "2025-06-11T19:24:03.225Z" },
    { url = "https://files.pythonhosted.org/packages/b9/26/a5ef980305f5be4edd1c2523ae3127ad0e490b60585714c56428b8a24395/pymongo-4.13.1-cp313-cp313t-win_amd64.whl", hash = "sha256:6492565cd7bb10cb6104401af446926141249095953b57c108c4bdcf3452fa3d", size = 1010935, upload_time = "2025-06-11T19:24:04.677Z" },
]

[[package]]
name = "python-dateutil"
version = "2.9.0.post0"
source = { registry = "https://pypi.org/simple" }
dependencies = [
    { name = "six" },
]
sdist = { url = "https://files.pythonhosted.org/packages/66/c0/0c8b6ad9f17a802ee498c46e004a0eb49bc148f2fd230864601a86dcf6db/python-dateutil-2.9.0.post0.tar.gz", hash = "sha256:37dd54208da7e1cd875388217d5e00ebd4179249f90fb72437e91a35459a0ad3", size = 342432, upload_time = "2024-03-01T18:36:20.211Z" }
wheels = [
    { url = "https://files.pythonhosted.org/packages/ec/57/56b9bcc3c9c6a792fcbaf139543cee77261f3651ca9da0c93f5c1221264b/python_dateutil-2.9.0.post0-py2.py3-none-any.whl", hash = "sha256:a8b2bc7bffae282281c8140a97d3aa9c14da0b136dfe83f850eea9a5f7470427", size = 229892, upload_time = "2024-03-01T18:36:18.57Z" },
]

[[package]]
name = "six"
version = "1.17.0"
source = { registry = "https://pypi.org/simple" }
sdist = { url = "https://files.pythonhosted.org/packages/94/e7/b2c673351809dca68a0e064b6af791aa332cf192da575fd474ed7d6f16a2/six-1.17.0.tar.gz", hash = "sha256:ff70335d468e7eb6ec65b95b99d3a2836546063f63acc5171de367e834932a81", size = 34031, upload_time = "2024-12-04T17:35:28.174Z" }
wheels = [
    { url = "https://files.pythonhosted.org/packages/b7/ce/149a00dd41f10bc29e5921b496af8b574d8413afcd5e30dfa0ed46c2cc5e/six-1.17.0-py2.py3-none-any.whl", hash = "sha256:4721f391ed90541fddacab5acf947aa0d3dc7d27b2e1e8eda2be8970586c3274", size = 11050, upload_time = "2024-12-04T17:35:26.475Z" },
]
